
Microsoft Visual Studio Solution File, Format Version 12.00
# Visual Studio Version 17
VisualStudioVersion = 17.4.33122.133
MinimumVisualStudioVersion = 10.0.40219.1
Project("{FAE04EC0-301F-11D3-BF4B-00C04F79EFBC}") = "EZRX.CSharp.Scripting", "EZRX.CSharp.Scripting\EZRX.CSharp.Scripting.csproj", "{63332FA0-B995-41CD-8A3D-3654AFB0255F}"
EndProject
Project("{FAE04EC0-301F-11D3-BF4B-00C04F79EFBC}") = "Ezrx.Rhino", "..\ara3d\labs\Ezrx.Rhino\Ezrx.Rhino.csproj", "{C722A3BC-C881-4AE0-A61D-E6EBA05604B5}"
EndProject
Project("{9A19103F-16F7-4668-BE54-9A1E7A4F7556}") = "Ara3D.Utils", "..\ara3d\src\Ara3D.Utils\Ara3D.Utils.csproj", "{A3E6543F-DBA8-4092-A57D-9D242283B301}"
EndProject
Project("{9A19103F-16F7-4668-BE54-9A1E7A4F7556}") = "Ara3D.Utils.Roslyn", "..\ara3d\src\Ara3D.Utils.Roslyn\Ara3D.Utils.Roslyn.csproj", "{D78FF49C-774B-40D2-8407-5D1C82E187E5}"
EndProject
Global
	GlobalSection(SolutionConfigurationPlatforms) = preSolution
		Debug|Any CPU = Debug|Any CPU
		Release|Any CPU = Release|Any CPU
	EndGlobalSection
	GlobalSection(ProjectConfigurationPlatforms) = postSolution
		{63332FA0-B995-41CD-8A3D-3654AFB0255F}.Debug|Any CPU.ActiveCfg = Debug|Any CPU
		{63332FA0-B995-41CD-8A3D-3654AFB0255F}.Debug|Any CPU.Build.0 = Debug|Any CPU
		{63332FA0-B995-41CD-8A3D-3654AFB0255F}.Release|Any CPU.ActiveCfg = Release|Any CPU
		{63332FA0-B995-41CD-8A3D-3654AFB0255F}.Release|Any CPU.Build.0 = Release|Any CPU
		{C722A3BC-C881-4AE0-A61D-E6EBA05604B5}.Debug|Any CPU.ActiveCfg = Debug|Any CPU
		{C722A3BC-C881-4AE0-A61D-E6EBA05604B5}.Debug|Any CPU.Build.0 = Debug|Any CPU
		{C722A3BC-C881-4AE0-A61D-E6EBA05604B5}.Release|Any CPU.ActiveCfg = Release|Any CPU
		{C722A3BC-C881-4AE0-A61D-E6EBA05604B5}.Release|Any CPU.Build.0 = Release|Any CPU
		{A3E6543F-DBA8-4092-A57D-9D242283B301}.Debug|Any CPU.ActiveCfg = Debug|Any CPU
		{A3E6543F-DBA8-4092-A57D-9D242283B301}.Debug|Any CPU.Build.0 = Debug|Any CPU
		{A3E6543F-DBA8-4092-A57D-9D242283B301}.Release|Any CPU.ActiveCfg = Release|Any CPU
		{A3E6543F-DBA8-4092-A57D-9D242283B301}.Release|Any CPU.Build.0 = Release|Any CPU
		{D78FF49C-774B-40D2-8407-5D1C82E187E5}.Debug|Any CPU.ActiveCfg = Debug|Any CPU
		{D78FF49C-774B-40D2-8407-5D1C82E187E5}.Debug|Any CPU.Build.0 = Debug|Any CPU
		{D78FF49C-774B-40D2-8407-5D1C82E187E5}.Release|Any CPU.ActiveCfg = Release|Any CPU
		{D78FF49C-774B-40D2-8407-5D1C82E187E5}.Release|Any CPU.Build.0 = Release|Any CPU
	EndGlobalSection
	GlobalSection(SolutionProperties) = preSolution
		HideSolutionNode = FALSE
	EndGlobalSection
	GlobalSection(ExtensibilityGlobals) = postSolution
		SolutionGuid = {CE1D9BC7-6646-4FF2-9E49-F1476041788E}
	EndGlobalSection
EndGlobal
